// !$*UTF8*$!
{
	archiveVersion = 1;
	classes = {
	};
	objectVersion = 46;
	objects = {

/* Begin PBXBuildFile section */
		5F0CB2331713B91600DCBF86 /* Iconx2.png in Resources */ = {isa = PBXBuildFile; fileRef = 5F0CB2321713B91600DCBF86 /* Iconx2.png */; };
		5F0CB2351713B91F00DCBF86 /* Icon.png in Resources */ = {isa = PBXBuildFile; fileRef = 5F0CB2341713B91F00DCBF86 /* Icon.png */; };
		5F15BC611705078300373A9B /* action.png in Resources */ = {isa = PBXBuildFile; fileRef = 5F15BC521705078300373A9B /* action.png */; };
		5F15BC621705078300373A9B /* action@2x.png in Resources */ = {isa = PBXBuildFile; fileRef = 5F15BC531705078300373A9B /* action@2x.png */; };
		5F15BC631705078300373A9B /* dotted-pattern.png in Resources */ = {isa = PBXBuildFile; fileRef = 5F15BC541705078300373A9B /* dotted-pattern.png */; };
		5F15BC641705078300373A9B /* dotted-pattern@2x.png in Resources */ = {isa = PBXBuildFile; fileRef = 5F15BC551705078300373A9B /* dotted-pattern@2x.png */; };
		5F15BC651705078300373A9B /* inner-shadow.png in Resources */ = {isa = PBXBuildFile; fileRef = 5F15BC561705078300373A9B /* inner-shadow.png */; };
		5F15BC661705078300373A9B /* paperclip.png in Resources */ = {isa = PBXBuildFile; fileRef = 5F15BC571705078300373A9B /* paperclip.png */; };
		5F15BC671705078300373A9B /* paperclip@2x.png in Resources */ = {isa = PBXBuildFile; fileRef = 5F15BC581705078300373A9B /* paperclip@2x.png */; };
		5F15BC791706982A00373A9B /* safari.png in Resources */ = {isa = PBXBuildFile; fileRef = 5F15BC781706982A00373A9B /* safari.png */; };
		5F15BC7B1706A1BE00373A9B /* MessageUI.framework in Frameworks */ = {isa = PBXBuildFile; fileRef = 5F15BC7A1706A1BE00373A9B /* MessageUI.framework */; };
		5F15BC7F1706AAAD00373A9B /* hide.png in Resources */ = {isa = PBXBuildFile; fileRef = 5F15BC7E1706AAAD00373A9B /* hide.png */; };
		5F257F981734B048006CF3D1 /* ChromeProgressBar.m in Sources */ = {isa = PBXBuildFile; fileRef = 5F257F971734B048006CF3D1 /* ChromeProgressBar.m */; };
		5F34EF071707C7C800416F7B /* SideViewViewController.m in Sources */ = {isa = PBXBuildFile; fileRef = 5F34EF061707C7C800416F7B /* SideViewViewController.m */; };
		5F34EF091707E27C00416F7B /* pbi.jpg in Resources */ = {isa = PBXBuildFile; fileRef = 5F34EF081707E27C00416F7B /* pbi.jpg */; };
		5F46C87F170291FD005C27E8 /* UIColor+Hex.m in Sources */ = {isa = PBXBuildFile; fileRef = 5F46C86B170291FD005C27E8 /* UIColor+Hex.m */; };
		5F46C880170291FD005C27E8 /* UIView+InnerShadow.m in Sources */ = {isa = PBXBuildFile; fileRef = 5F46C86D170291FD005C27E8 /* UIView+InnerShadow.m */; };
		5F46C881170291FD005C27E8 /* UIView+Positioning.m in Sources */ = {isa = PBXBuildFile; fileRef = 5F46C86F170291FD005C27E8 /* UIView+Positioning.m */; };
		5F46C882170291FD005C27E8 /* UIView+Size.m in Sources */ = {isa = PBXBuildFile; fileRef = 5F46C871170291FD005C27E8 /* UIView+Size.m */; };
		5F46C883170291FD005C27E8 /* JMSelectionView.m in Sources */ = {isa = PBXBuildFile; fileRef = 5F46C874170291FD005C27E8 /* JMSelectionView.m */; };
		5F46C884170291FD005C27E8 /* JMTabContainer.m in Sources */ = {isa = PBXBuildFile; fileRef = 5F46C877170291FD005C27E8 /* JMTabContainer.m */; };
		5F46C885170291FD005C27E8 /* JMTabItem.m in Sources */ = {isa = PBXBuildFile; fileRef = 5F46C879170291FD005C27E8 /* JMTabItem.m */; };
		5F46C886170291FD005C27E8 /* JMTabView.m in Sources */ = {isa = PBXBuildFile; fileRef = 5F46C87B170291FD005C27E8 /* JMTabView.m */; };
		5F46C887170291FD005C27E8 /* BarBackgroundLayer.m in Sources */ = {isa = PBXBuildFile; fileRef = 5F46C87E170291FD005C27E8 /* BarBackgroundLayer.m */; };
		5F584E1A172F268C00CD6F48 /* libTestFlight.a in Frameworks */ = {isa = PBXBuildFile; fileRef = 5F584E16172F268C00CD6F48 /* libTestFlight.a */; };
		5F584E1B172F268C00CD6F48 /* README.md in Resources */ = {isa = PBXBuildFile; fileRef = 5F584E17172F268C00CD6F48 /* README.md */; };
		5F584E1C172F268C00CD6F48 /* release_notes.md in Resources */ = {isa = PBXBuildFile; fileRef = 5F584E18172F268C00CD6F48 /* release_notes.md */; };
		5F584E1E172F26BD00CD6F48 /* libz.dylib in Frameworks */ = {isa = PBXBuildFile; fileRef = 5F584E1D172F26BD00CD6F48 /* libz.dylib */; };
		5F7C763A17231BDC00D57C8F /* Posts.xib in Resources */ = {isa = PBXBuildFile; fileRef = 5F7C763917231BDC00D57C8F /* Posts.xib */; };
		5F7C763C17231C4A00D57C8F /* side.xib in Resources */ = {isa = PBXBuildFile; fileRef = 5F7C763B17231C4A00D57C8F /* side.xib */; };
		5F7EAA2D1703E06D00CA436A /* IISideController.m in Sources */ = {isa = PBXBuildFile; fileRef = 5F7EAA281703E06D00CA436A /* IISideController.m */; };
		5F7EAA2E1703E06D00CA436A /* IIViewDeckController.m in Sources */ = {isa = PBXBuildFile; fileRef = 5F7EAA2A1703E06D00CA436A /* IIViewDeckController.m */; };
		5F7EAA2F1703E06D00CA436A /* IIWrapController.m in Sources */ = {isa = PBXBuildFile; fileRef = 5F7EAA2C1703E06D00CA436A /* IIWrapController.m */; };
		5F7F211016FE4AD200394999 /* UIKit.framework in Frameworks */ = {isa = PBXBuildFile; fileRef = 5F7F210F16FE4AD200394999 /* UIKit.framework */; };
		5F7F211216FE4AD200394999 /* Foundation.framework in Frameworks */ = {isa = PBXBuildFile; fileRef = 5F7F211116FE4AD200394999 /* Foundation.framework */; };
		5F7F211416FE4AD200394999 /* CoreGraphics.framework in Frameworks */ = {isa = PBXBuildFile; fileRef = 5F7F211316FE4AD200394999 /* CoreGraphics.framework */; };
		5F7F211A16FE4AD200394999 /* InfoPlist.strings in Resources */ = {isa = PBXBuildFile; fileRef = 5F7F211816FE4AD200394999 /* InfoPlist.strings */; };
		5F7F211C16FE4AD200394999 /* main.m in Sources */ = {isa = PBXBuildFile; fileRef = 5F7F211B16FE4AD200394999 /* main.m */; };
		5F7F212016FE4AD300394999 /* AppDelegate.m in Sources */ = {isa = PBXBuildFile; fileRef = 5F7F211F16FE4AD300394999 /* AppDelegate.m */; };
		5F7F216016FE4B5D00394999 /* NSObject+SBJSON.m in Sources */ = {isa = PBXBuildFile; fileRef = 5F7F215516FE4B5D00394999 /* NSObject+SBJSON.m */; };
		5F7F216116FE4B5D00394999 /* NSString+SBJSON.m in Sources */ = {isa = PBXBuildFile; fileRef = 5F7F215716FE4B5D00394999 /* NSString+SBJSON.m */; };
		5F7F216216FE4B5D00394999 /* SBJSON.m in Sources */ = {isa = PBXBuildFile; fileRef = 5F7F215916FE4B5D00394999 /* SBJSON.m */; };
		5F7F216316FE4B5D00394999 /* SBJsonBase.m in Sources */ = {isa = PBXBuildFile; fileRef = 5F7F215B16FE4B5D00394999 /* SBJsonBase.m */; };
		5F7F216416FE4B5D00394999 /* SBJsonParser.m in Sources */ = {isa = PBXBuildFile; fileRef = 5F7F215D16FE4B5D00394999 /* SBJsonParser.m */; };
		5F7F216516FE4B5D00394999 /* SBJsonWriter.m in Sources */ = {isa = PBXBuildFile; fileRef = 5F7F215F16FE4B5D00394999 /* SBJsonWriter.m */; };
		5F7F216E16FE6EF200394999 /* PostsView.m in Sources */ = {isa = PBXBuildFile; fileRef = 5F7F216D16FE6EF200394999 /* PostsView.m */; };
		5F7F217016FE813700394999 /* CustomCell.xib in Resources */ = {isa = PBXBuildFile; fileRef = 5F7F216F16FE813700394999 /* CustomCell.xib */; };
		5F7F217316FE825B00394999 /* CustomCell.m in Sources */ = {isa = PBXBuildFile; fileRef = 5F7F217216FE825B00394999 /* CustomCell.m */; };
		5F80B49F1714E6C300FF3786 /* Default-568h@2x.png in Resources */ = {isa = PBXBuildFile; fileRef = 5F80B49E1714E6C300FF3786 /* Default-568h@2x.png */; };
		5F80B4A11714E6C600FF3786 /* Default.png in Resources */ = {isa = PBXBuildFile; fileRef = 5F80B4A01714E6C600FF3786 /* Default.png */; };
		5F8498B51716285800CD4690 /* sidebarbg@2x.png in Resources */ = {isa = PBXBuildFile; fileRef = 5F8498B31716285800CD4690 /* sidebarbg@2x.png */; };
		5F8498B61716285800CD4690 /* sidebarshadow@2x.png in Resources */ = {isa = PBXBuildFile; fileRef = 5F8498B41716285800CD4690 /* sidebarshadow@2x.png */; };
		5F8498BD1716563900CD4690 /* lines@2x.png in Resources */ = {isa = PBXBuildFile; fileRef = 5F8498BC1716563900CD4690 /* lines@2x.png */; };
		5F84A1CB17333B5B000CDA93 /* detailsView.m in Sources */ = {isa = PBXBuildFile; fileRef = 5F84A1CA17333B5B000CDA93 /* detailsView.m */; };
		5F84A1CE17333E6E000CDA93 /* MBProgressHUD.m in Sources */ = {isa = PBXBuildFile; fileRef = 5F84A1CD17333E6E000CDA93 /* MBProgressHUD.m */; };
		5FB858851735D25A00CDC03A /* AFImagePager.m in Sources */ = {isa = PBXBuildFile; fileRef = 5FB858821735D25A00CDC03A /* AFImagePager.m */; };
		5FB858861735D25A00CDC03A /* KICamera.png in Resources */ = {isa = PBXBuildFile; fileRef = 5FB858831735D25A00CDC03A /* KICamera.png */; };
		5FB858871735D25A00CDC03A /* KICamera@2x.png in Resources */ = {isa = PBXBuildFile; fileRef = 5FB858841735D25A00CDC03A /* KICamera@2x.png */; };
		5FC64F201731ED62002775B8 /* libxml2.dylib in Frameworks */ = {isa = PBXBuildFile; fileRef = 5FC64F1E1731ECD0002775B8 /* libxml2.dylib */; };
		5FE7613A1731EC7A0020CDED /* TFHpple.m in Sources */ = {isa = PBXBuildFile; fileRef = 5FE761351731EC7A0020CDED /* TFHpple.m */; };
		5FE7613B1731EC7A0020CDED /* TFHppleElement.m in Sources */ = {isa = PBXBuildFile; fileRef = 5FE761371731EC7A0020CDED /* TFHppleElement.m */; };
		5FE7613C1731EC7A0020CDED /* XPathQuery.m in Sources */ = {isa = PBXBuildFile; fileRef = 5FE761391731EC7A0020CDED /* XPathQuery.m */; };
		5FF5F23217238B3A00902E19 /* Storyboard.storyboard in Resources */ = {isa = PBXBuildFile; fileRef = 5FF5F23117238B3A00902E19 /* Storyboard.storyboard */; };
		5FF8199B16FEC6D500D69398 /* UIView+JMNoise.m in Sources */ = {isa = PBXBuildFile; fileRef = 5FF8199A16FEC6D500D69398 /* UIView+JMNoise.m */; };
		5FF8199D16FEC74900D69398 /* QuartzCore.framework in Frameworks */ = {isa = PBXBuildFile; fileRef = 5FF8199C16FEC74900D69398 /* QuartzCore.framework */; };
		5FF8199F16FECAFC00D69398 /* btbg.png in Resources */ = {isa = PBXBuildFile; fileRef = 5FF8199E16FECAFC00D69398 /* btbg.png */; };
		5FF819A116FECCC200D69398 /* tpb in Resources */ = {isa = PBXBuildFile; fileRef = 5FF819A016FECC3D00D69398 /* tpb */; };
		5FF819BA16FF4E2900D69398 /* UIView+Positioning.m in Sources */ = {isa = PBXBuildFile; fileRef = 5FF819AB16FF4E2900D69398 /* UIView+Positioning.m */; };
		5FF819BB16FF4E2900D69398 /* UIView+Size.m in Sources */ = {isa = PBXBuildFile; fileRef = 5FF819AD16FF4E2900D69398 /* UIView+Size.m */; };
		5FF819BC16FF4E2900D69398 /* JMCenterView.m in Sources */ = {isa = PBXBuildFile; fileRef = 5FF819B016FF4E2900D69398 /* JMCenterView.m */; };
		5FF819BD16FF4E2900D69398 /* JMSideView.m in Sources */ = {isa = PBXBuildFile; fileRef = 5FF819B216FF4E2900D69398 /* JMSideView.m */; };
		5FF819BE16FF4E2900D69398 /* JMSliderComponent.m in Sources */ = {isa = PBXBuildFile; fileRef = 5FF819B416FF4E2900D69398 /* JMSliderComponent.m */; };
		5FF819BF16FF4E2900D69398 /* JMSliderTrack.m in Sources */ = {isa = PBXBuildFile; fileRef = 5FF819B716FF4E2900D69398 /* JMSliderTrack.m */; };
		5FF819C016FF4E2900D69398 /* JMSlider.m in Sources */ = {isa = PBXBuildFile; fileRef = 5FF819B916FF4E2900D69398 /* JMSlider.m */; };
		5FFDB4AA173470E90040C663 /* AFHTTPClient.m in Sources */ = {isa = PBXBuildFile; fileRef = 5FFDB498173470E90040C663 /* AFHTTPClient.m */; };
		5FFDB4AB173470E90040C663 /* AFHTTPRequestOperation.m in Sources */ = {isa = PBXBuildFile; fileRef = 5FFDB49A173470E90040C663 /* AFHTTPRequestOperation.m */; };
		5FFDB4AC173470E90040C663 /* AFImageRequestOperation.m in Sources */ = {isa = PBXBuildFile; fileRef = 5FFDB49C173470E90040C663 /* AFImageRequestOperation.m */; };
		5FFDB4AD173470E90040C663 /* AFJSONRequestOperation.m in Sources */ = {isa = PBXBuildFile; fileRef = 5FFDB49E173470E90040C663 /* AFJSONRequestOperation.m */; };
		5FFDB4AE173470E90040C663 /* AFNetworkActivityIndicatorManager.m in Sources */ = {isa = PBXBuildFile; fileRef = 5FFDB4A0173470E90040C663 /* AFNetworkActivityIndicatorManager.m */; };
		5FFDB4AF173470E90040C663 /* AFPropertyListRequestOperation.m in Sources */ = {isa = PBXBuildFile; fileRef = 5FFDB4A3173470E90040C663 /* AFPropertyListRequestOperation.m */; };
		5FFDB4B0173470E90040C663 /* AFURLConnectionOperation.m in Sources */ = {isa = PBXBuildFile; fileRef = 5FFDB4A5173470E90040C663 /* AFURLConnectionOperation.m */; };
		5FFDB4B1173470E90040C663 /* AFXMLRequestOperation.m in Sources */ = {isa = PBXBuildFile; fileRef = 5FFDB4A7173470E90040C663 /* AFXMLRequestOperation.m */; };
		5FFDB4B2173470E90040C663 /* UIImageView+AFNetworking.m in Sources */ = {isa = PBXBuildFile; fileRef = 5FFDB4A9173470E90040C663 /* UIImageView+AFNetworking.m */; };
/* End PBXBuildFile section */

/* Begin PBXFileReference section */
		5F0CB2321713B91600DCBF86 /* Iconx2.png */ = {isa = PBXFileReference; lastKnownFileType = image.png; name = Iconx2.png; path = ../Iconx2.png; sourceTree = "<group>"; };
		5F0CB2341713B91F00DCBF86 /* Icon.png */ = {isa = PBXFileReference; lastKnownFileType = image.png; name = Icon.png; path = ../Icon.png; sourceTree = "<group>"; };
		5F15BC521705078300373A9B /* action.png */ = {isa = PBXFileReference; lastKnownFileType = image.png; path = action.png; sourceTree = "<group>"; };
		5F15BC531705078300373A9B /* action@2x.png */ = {isa = PBXFileReference; lastKnownFileType = image.png; path = "action@2x.png"; sourceTree = "<group>"; };
		5F15BC541705078300373A9B /* dotted-pattern.png */ = {isa = PBXFileReference; lastKnownFileType = image.png; path = "dotted-pattern.png"; sourceTree = "<group>"; };
		5F15BC551705078300373A9B /* dotted-pattern@2x.png */ = {isa = PBXFileReference; lastKnownFileType = image.png; path = "dotted-pattern@2x.png"; sourceTree = "<group>"; };
		5F15BC561705078300373A9B /* inner-shadow.png */ = {isa = PBXFileReference; lastKnownFileType = image.png; path = "inner-shadow.png"; sourceTree = "<group>"; };
		5F15BC571705078300373A9B /* paperclip.png */ = {isa = PBXFileReference; lastKnownFileType = image.png; path = paperclip.png; sourceTree = "<group>"; };
		5F15BC581705078300373A9B /* paperclip@2x.png */ = {isa = PBXFileReference; lastKnownFileType = image.png; path = "paperclip@2x.png"; sourceTree = "<group>"; };
		5F15BC781706982A00373A9B /* safari.png */ = {isa = PBXFileReference; lastKnownFileType = image.png; path = safari.png; sourceTree = "<group>"; };
		5F15BC7A1706A1BE00373A9B /* MessageUI.framework */ = {isa = PBXFileReference; lastKnownFileType = wrapper.framework; name = MessageUI.framework; path = System/Library/Frameworks/MessageUI.framework; sourceTree = SDKROOT; };
		5F15BC7E1706AAAD00373A9B /* hide.png */ = {isa = PBXFileReference; lastKnownFileType = image.png; name = hide.png; path = ../../hide.png; sourceTree = "<group>"; };
		5F257F961734B048006CF3D1 /* ChromeProgressBar.h */ = {isa = PBXFileReference; fileEncoding = 4; lastKnownFileType = sourcecode.c.h; path = ChromeProgressBar.h; sourceTree = "<group>"; };
		5F257F971734B048006CF3D1 /* ChromeProgressBar.m */ = {isa = PBXFileReference; fileEncoding = 4; lastKnownFileType = sourcecode.c.objc; path = ChromeProgressBar.m; sourceTree = "<group>"; };
		5F34EF051707C7C800416F7B /* SideViewViewController.h */ = {isa = PBXFileReference; fileEncoding = 4; lastKnownFileType = sourcecode.c.h; path = SideViewViewController.h; sourceTree = "<group>"; };
		5F34EF061707C7C800416F7B /* SideViewViewController.m */ = {isa = PBXFileReference; fileEncoding = 4; lastKnownFileType = sourcecode.c.objc; path = SideViewViewController.m; sourceTree = "<group>"; };
		5F34EF081707E27C00416F7B /* pbi.jpg */ = {isa = PBXFileReference; lastKnownFileType = image.jpeg; path = pbi.jpg; sourceTree = "<group>"; };
		5F46C86A170291FD005C27E8 /* UIColor+Hex.h */ = {isa = PBXFileReference; fileEncoding = 4; lastKnownFileType = sourcecode.c.h; path = "UIColor+Hex.h"; sourceTree = "<group>"; };
		5F46C86B170291FD005C27E8 /* UIColor+Hex.m */ = {isa = PBXFileReference; fileEncoding = 4; lastKnownFileType = sourcecode.c.objc; path = "UIColor+Hex.m"; sourceTree = "<group>"; };
		5F46C86C170291FD005C27E8 /* UIView+InnerShadow.h */ = {isa = PBXFileReference; fileEncoding = 4; lastKnownFileType = sourcecode.c.h; path = "UIView+InnerShadow.h"; sourceTree = "<group>"; };
		5F46C86D170291FD005C27E8 /* UIView+InnerShadow.m */ = {isa = PBXFileReference; fileEncoding = 4; lastKnownFileType = sourcecode.c.objc; path = "UIView+InnerShadow.m"; sourceTree = "<group>"; };
		5F46C86E170291FD005C27E8 /* UIView+Positioning.h */ = {isa = PBXFileReference; fileEncoding = 4; lastKnownFileType = sourcecode.c.h; path = "UIView+Positioning.h"; sourceTree = "<group>"; };
		5F46C86F170291FD005C27E8 /* UIView+Positioning.m */ = {isa = PBXFileReference; fileEncoding = 4; lastKnownFileType = sourcecode.c.objc; path = "UIView+Positioning.m"; sourceTree = "<group>"; };
		5F46C870170291FD005C27E8 /* UIView+Size.h */ = {isa = PBXFileReference; fileEncoding = 4; lastKnownFileType = sourcecode.c.h; path = "UIView+Size.h"; sourceTree = "<group>"; };
		5F46C871170291FD005C27E8 /* UIView+Size.m */ = {isa = PBXFileReference; fileEncoding = 4; lastKnownFileType = sourcecode.c.objc; path = "UIView+Size.m"; sourceTree = "<group>"; };
		5F46C873170291FD005C27E8 /* JMSelectionView.h */ = {isa = PBXFileReference; fileEncoding = 4; lastKnownFileType = sourcecode.c.h; path = JMSelectionView.h; sourceTree = "<group>"; };
		5F46C874170291FD005C27E8 /* JMSelectionView.m */ = {isa = PBXFileReference; fileEncoding = 4; lastKnownFileType = sourcecode.c.objc; path = JMSelectionView.m; sourceTree = "<group>"; };
		5F46C875170291FD005C27E8 /* JMTabConstants.h */ = {isa = PBXFileReference; fileEncoding = 4; lastKnownFileType = sourcecode.c.h; path = JMTabConstants.h; sourceTree = "<group>"; };
		5F46C876170291FD005C27E8 /* JMTabContainer.h */ = {isa = PBXFileReference; fileEncoding = 4; lastKnownFileType = sourcecode.c.h; path = JMTabContainer.h; sourceTree = "<group>"; };
		5F46C877170291FD005C27E8 /* JMTabContainer.m */ = {isa = PBXFileReference; fileEncoding = 4; lastKnownFileType = sourcecode.c.objc; path = JMTabContainer.m; sourceTree = "<group>"; };
		5F46C878170291FD005C27E8 /* JMTabItem.h */ = {isa = PBXFileReference; fileEncoding = 4; lastKnownFileType = sourcecode.c.h; path = JMTabItem.h; sourceTree = "<group>"; };
		5F46C879170291FD005C27E8 /* JMTabItem.m */ = {isa = PBXFileReference; fileEncoding = 4; lastKnownFileType = sourcecode.c.objc; path = JMTabItem.m; sourceTree = "<group>"; };
		5F46C87A170291FD005C27E8 /* JMTabView.h */ = {isa = PBXFileReference; fileEncoding = 4; lastKnownFileType = sourcecode.c.h; path = JMTabView.h; sourceTree = "<group>"; };
		5F46C87B170291FD005C27E8 /* JMTabView.m */ = {isa = PBXFileReference; fileEncoding = 4; lastKnownFileType = sourcecode.c.objc; path = JMTabView.m; sourceTree = "<group>"; };
		5F46C87D170291FD005C27E8 /* BarBackgroundLayer.h */ = {isa = PBXFileReference; fileEncoding = 4; lastKnownFileType = sourcecode.c.h; path = BarBackgroundLayer.h; sourceTree = "<group>"; };
		5F46C87E170291FD005C27E8 /* BarBackgroundLayer.m */ = {isa = PBXFileReference; fileEncoding = 4; lastKnownFileType = sourcecode.c.objc; path = BarBackgroundLayer.m; sourceTree = "<group>"; };
		5F584E16172F268C00CD6F48 /* libTestFlight.a */ = {isa = PBXFileReference; lastKnownFileType = archive.ar; path = libTestFlight.a; sourceTree = "<group>"; };
		5F584E17172F268C00CD6F48 /* README.md */ = {isa = PBXFileReference; fileEncoding = 4; lastKnownFileType = text; path = README.md; sourceTree = "<group>"; };
		5F584E18172F268C00CD6F48 /* release_notes.md */ = {isa = PBXFileReference; fileEncoding = 4; lastKnownFileType = text; path = release_notes.md; sourceTree = "<group>"; };
		5F584E19172F268C00CD6F48 /* TestFlight.h */ = {isa = PBXFileReference; fileEncoding = 4; lastKnownFileType = sourcecode.c.h; path = TestFlight.h; sourceTree = "<group>"; };
		5F584E1D172F26BD00CD6F48 /* libz.dylib */ = {isa = PBXFileReference; lastKnownFileType = "compiled.mach-o.dylib"; name = libz.dylib; path = usr/lib/libz.dylib; sourceTree = SDKROOT; };
		5F7C763917231BDC00D57C8F /* Posts.xib */ = {isa = PBXFileReference; fileEncoding = 4; lastKnownFileType = file.xib; path = Posts.xib; sourceTree = "<group>"; };
		5F7C763B17231C4A00D57C8F /* side.xib */ = {isa = PBXFileReference; fileEncoding = 4; lastKnownFileType = file.xib; path = side.xib; sourceTree = "<group>"; };
		5F7EAA271703E06D00CA436A /* IISideController.h */ = {isa = PBXFileReference; fileEncoding = 4; lastKnownFileType = sourcecode.c.h; path = IISideController.h; sourceTree = "<group>"; };
		5F7EAA281703E06D00CA436A /* IISideController.m */ = {isa = PBXFileReference; fileEncoding = 4; lastKnownFileType = sourcecode.c.objc; path = IISideController.m; sourceTree = "<group>"; };
		5F7EAA291703E06D00CA436A /* IIViewDeckController.h */ = {isa = PBXFileReference; fileEncoding = 4; lastKnownFileType = sourcecode.c.h; path = IIViewDeckController.h; sourceTree = "<group>"; };
		5F7EAA2A1703E06D00CA436A /* IIViewDeckController.m */ = {isa = PBXFileReference; fileEncoding = 4; lastKnownFileType = sourcecode.c.objc; path = IIViewDeckController.m; sourceTree = "<group>"; };
		5F7EAA2B1703E06D00CA436A /* IIWrapController.h */ = {isa = PBXFileReference; fileEncoding = 4; lastKnownFileType = sourcecode.c.h; path = IIWrapController.h; sourceTree = "<group>"; };
		5F7EAA2C1703E06D00CA436A /* IIWrapController.m */ = {isa = PBXFileReference; fileEncoding = 4; lastKnownFileType = sourcecode.c.objc; path = IIWrapController.m; sourceTree = "<group>"; };
		5F7F210C16FE4AD200394999 /* BayBrowser.app */ = {isa = PBXFileReference; explicitFileType = wrapper.application; includeInIndex = 0; path = BayBrowser.app; sourceTree = BUILT_PRODUCTS_DIR; };
		5F7F210F16FE4AD200394999 /* UIKit.framework */ = {isa = PBXFileReference; lastKnownFileType = wrapper.framework; name = UIKit.framework; path = System/Library/Frameworks/UIKit.framework; sourceTree = SDKROOT; };
		5F7F211116FE4AD200394999 /* Foundation.framework */ = {isa = PBXFileReference; lastKnownFileType = wrapper.framework; name = Foundation.framework; path = System/Library/Frameworks/Foundation.framework; sourceTree = SDKROOT; };
		5F7F211316FE4AD200394999 /* CoreGraphics.framework */ = {isa = PBXFileReference; lastKnownFileType = wrapper.framework; name = CoreGraphics.framework; path = System/Library/Frameworks/CoreGraphics.framework; sourceTree = SDKROOT; };
		5F7F211716FE4AD200394999 /* BayBrowser-Info.plist */ = {isa = PBXFileReference; lastKnownFileType = text.plist.xml; path = "BayBrowser-Info.plist"; sourceTree = "<group>"; };
		5F7F211916FE4AD200394999 /* en */ = {isa = PBXFileReference; lastKnownFileType = text.plist.strings; name = en; path = en.lproj/InfoPlist.strings; sourceTree = "<group>"; };
		5F7F211B16FE4AD200394999 /* main.m */ = {isa = PBXFileReference; lastKnownFileType = sourcecode.c.objc; path = main.m; sourceTree = "<group>"; };
		5F7F211D16FE4AD200394999 /* BayBrowser-Prefix.pch */ = {isa = PBXFileReference; lastKnownFileType = sourcecode.c.h; path = "BayBrowser-Prefix.pch"; sourceTree = "<group>"; };
		5F7F211E16FE4AD300394999 /* AppDelegate.h */ = {isa = PBXFileReference; lastKnownFileType = sourcecode.c.h; path = AppDelegate.h; sourceTree = "<group>"; };
		5F7F211F16FE4AD300394999 /* AppDelegate.m */ = {isa = PBXFileReference; lastKnownFileType = sourcecode.c.objc; path = AppDelegate.m; sourceTree = "<group>"; };
		5F7F215316FE4B5D00394999 /* JSON.h */ = {isa = PBXFileReference; fileEncoding = 4; lastKnownFileType = sourcecode.c.h; path = JSON.h; sourceTree = "<group>"; };
		5F7F215416FE4B5D00394999 /* NSObject+SBJSON.h */ = {isa = PBXFileReference; fileEncoding = 4; lastKnownFileType = sourcecode.c.h; path = "NSObject+SBJSON.h"; sourceTree = "<group>"; };
		5F7F215516FE4B5D00394999 /* NSObject+SBJSON.m */ = {isa = PBXFileReference; fileEncoding = 4; lastKnownFileType = sourcecode.c.objc; path = "NSObject+SBJSON.m"; sourceTree = "<group>"; };
		5F7F215616FE4B5D00394999 /* NSString+SBJSON.h */ = {isa = PBXFileReference; fileEncoding = 4; lastKnownFileType = sourcecode.c.h; path = "NSString+SBJSON.h"; sourceTree = "<group>"; };
		5F7F215716FE4B5D00394999 /* NSString+SBJSON.m */ = {isa = PBXFileReference; fileEncoding = 4; lastKnownFileType = sourcecode.c.objc; path = "NSString+SBJSON.m"; sourceTree = "<group>"; };
		5F7F215816FE4B5D00394999 /* SBJSON.h */ = {isa = PBXFileReference; fileEncoding = 4; lastKnownFileType = sourcecode.c.h; path = SBJSON.h; sourceTree = "<group>"; };
		5F7F215916FE4B5D00394999 /* SBJSON.m */ = {isa = PBXFileReference; fileEncoding = 4; lastKnownFileType = sourcecode.c.objc; path = SBJSON.m; sourceTree = "<group>"; };
		5F7F215A16FE4B5D00394999 /* SBJsonBase.h */ = {isa = PBXFileReference; fileEncoding = 4; lastKnownFileType = sourcecode.c.h; path = SBJsonBase.h; sourceTree = "<group>"; };
		5F7F215B16FE4B5D00394999 /* SBJsonBase.m */ = {isa = PBXFileReference; fileEncoding = 4; lastKnownFileType = sourcecode.c.objc; path = SBJsonBase.m; sourceTree = "<group>"; };
		5F7F215C16FE4B5D00394999 /* SBJsonParser.h */ = {isa = PBXFileReference; fileEncoding = 4; lastKnownFileType = sourcecode.c.h; path = SBJsonParser.h; sourceTree = "<group>"; };
		5F7F215D16FE4B5D00394999 /* SBJsonParser.m */ = {isa = PBXFileReference; fileEncoding = 4; lastKnownFileType = sourcecode.c.objc; path = SBJsonParser.m; sourceTree = "<group>"; };
		5F7F215E16FE4B5D00394999 /* SBJsonWriter.h */ = {isa = PBXFileReference; fileEncoding = 4; lastKnownFileType = sourcecode.c.h; path = SBJsonWriter.h; sourceTree = "<group>"; };
		5F7F215F16FE4B5D00394999 /* SBJsonWriter.m */ = {isa = PBXFileReference; fileEncoding = 4; lastKnownFileType = sourcecode.c.objc; path = SBJsonWriter.m; sourceTree = "<group>"; };
		5F7F216C16FE6EF200394999 /* PostsView.h */ = {isa = PBXFileReference; fileEncoding = 4; lastKnownFileType = sourcecode.c.h; path = PostsView.h; sourceTree = "<group>"; };
		5F7F216D16FE6EF200394999 /* PostsView.m */ = {isa = PBXFileReference; fileEncoding = 4; lastKnownFileType = sourcecode.c.objc; path = PostsView.m; sourceTree = "<group>"; };
		5F7F216F16FE813700394999 /* CustomCell.xib */ = {isa = PBXFileReference; fileEncoding = 4; lastKnownFileType = file.xib; path = CustomCell.xib; sourceTree = "<group>"; };
		5F7F217116FE825B00394999 /* CustomCell.h */ = {isa = PBXFileReference; fileEncoding = 4; lastKnownFileType = sourcecode.c.h; path = CustomCell.h; sourceTree = "<group>"; };
		5F7F217216FE825B00394999 /* CustomCell.m */ = {isa = PBXFileReference; fileEncoding = 4; lastKnownFileType = sourcecode.c.objc; path = CustomCell.m; sourceTree = "<group>"; };
		5F80B49E1714E6C300FF3786 /* Default-568h@2x.png */ = {isa = PBXFileReference; lastKnownFileType = image.png; name = "Default-568h@2x.png"; path = "../Default-568h@2x.png"; sourceTree = "<group>"; };
		5F80B4A01714E6C600FF3786 /* Default.png */ = {isa = PBXFileReference; lastKnownFileType = image.png; name = Default.png; path = ../Default.png; sourceTree = "<group>"; };
		5F8498B31716285800CD4690 /* sidebarbg@2x.png */ = {isa = PBXFileReference; lastKnownFileType = image.png; path = "sidebarbg@2x.png"; sourceTree = "<group>"; };
		5F8498B41716285800CD4690 /* sidebarshadow@2x.png */ = {isa = PBXFileReference; lastKnownFileType = image.png; path = "sidebarshadow@2x.png"; sourceTree = "<group>"; };
		5F8498B717162B1100CD4690 /* UIView+Origami.h */ = {isa = PBXFileReference; lastKnownFileType = sourcecode.c.h; name = "UIView+Origami.h"; path = "../UIView+Origami.h"; sourceTree = "<group>"; };
		5F8498B817162B1100CD4690 /* UIView+Origami.m */ = {isa = PBXFileReference; lastKnownFileType = sourcecode.c.objc; name = "UIView+Origami.m"; path = "../UIView+Origami.m"; sourceTree = "<group>"; };
		5F8498BC1716563900CD4690 /* lines@2x.png */ = {isa = PBXFileReference; lastKnownFileType = image.png; path = "lines@2x.png"; sourceTree = "<group>"; };
		5F84A1C917333B5B000CDA93 /* detailsView.h */ = {isa = PBXFileReference; fileEncoding = 4; lastKnownFileType = sourcecode.c.h; path = detailsView.h; sourceTree = "<group>"; };
		5F84A1CA17333B5B000CDA93 /* detailsView.m */ = {isa = PBXFileReference; fileEncoding = 4; lastKnownFileType = sourcecode.c.objc; path = detailsView.m; sourceTree = "<group>"; };
		5F84A1CC17333E6E000CDA93 /* MBProgressHUD.h */ = {isa = PBXFileReference; fileEncoding = 4; lastKnownFileType = sourcecode.c.h; path = MBProgressHUD.h; sourceTree = "<group>"; };
		5F84A1CD17333E6E000CDA93 /* MBProgressHUD.m */ = {isa = PBXFileReference; fileEncoding = 4; lastKnownFileType = sourcecode.c.objc; path = MBProgressHUD.m; sourceTree = "<group>"; };
		5FB858811735D25A00CDC03A /* AFImagePager.h */ = {isa = PBXFileReference; fileEncoding = 4; lastKnownFileType = sourcecode.c.h; path = AFImagePager.h; sourceTree = "<group>"; };
		5FB858821735D25A00CDC03A /* AFImagePager.m */ = {isa = PBXFileReference; fileEncoding = 4; lastKnownFileType = sourcecode.c.objc; path = AFImagePager.m; sourceTree = "<group>"; };
		5FB858831735D25A00CDC03A /* KICamera.png */ = {isa = PBXFileReference; lastKnownFileType = image.png; path = KICamera.png; sourceTree = "<group>"; };
		5FB858841735D25A00CDC03A /* KICamera@2x.png */ = {isa = PBXFileReference; lastKnownFileType = image.png; path = "KICamera@2x.png"; sourceTree = "<group>"; };
		5FC64F1E1731ECD0002775B8 /* libxml2.dylib */ = {isa = PBXFileReference; lastKnownFileType = "compiled.mach-o.dylib"; name = libxml2.dylib; path = usr/lib/libxml2.dylib; sourceTree = SDKROOT; };
		5FE761341731EC7A0020CDED /* TFHpple.h */ = {isa = PBXFileReference; fileEncoding = 4; lastKnownFileType = sourcecode.c.h; path = TFHpple.h; sourceTree = "<group>"; };
		5FE761351731EC7A0020CDED /* TFHpple.m */ = {isa = PBXFileReference; fileEncoding = 4; lastKnownFileType = sourcecode.c.objc; path = TFHpple.m; sourceTree = "<group>"; };
		5FE761361731EC7A0020CDED /* TFHppleElement.h */ = {isa = PBXFileReference; fileEncoding = 4; lastKnownFileType = sourcecode.c.h; path = TFHppleElement.h; sourceTree = "<group>"; };
		5FE761371731EC7A0020CDED /* TFHppleElement.m */ = {isa = PBXFileReference; fileEncoding = 4; lastKnownFileType = sourcecode.c.objc; path = TFHppleElement.m; sourceTree = "<group>"; };
		5FE761381731EC7A0020CDED /* XPathQuery.h */ = {isa = PBXFileReference; fileEncoding = 4; lastKnownFileType = sourcecode.c.h; path = XPathQuery.h; sourceTree = "<group>"; };
		5FE761391731EC7A0020CDED /* XPathQuery.m */ = {isa = PBXFileReference; fileEncoding = 4; lastKnownFileType = sourcecode.c.objc; path = XPathQuery.m; sourceTree = "<group>"; };
		5FF5F23117238B3A00902E19 /* Storyboard.storyboard */ = {isa = PBXFileReference; fileEncoding = 4; lastKnownFileType = file.storyboard; path = Storyboard.storyboard; sourceTree = "<group>"; };
		5FF8199916FEC6D500D69398 /* UIView+JMNoise.h */ = {isa = PBXFileReference; fileEncoding = 4; lastKnownFileType = sourcecode.c.h; path = "UIView+JMNoise.h"; sourceTree = "<group>"; };
		5FF8199A16FEC6D500D69398 /* UIView+JMNoise.m */ = {isa = PBXFileReference; fileEncoding = 4; lastKnownFileType = sourcecode.c.objc; path = "UIView+JMNoise.m"; sourceTree = "<group>"; };
		5FF8199C16FEC74900D69398 /* QuartzCore.framework */ = {isa = PBXFileReference; lastKnownFileType = wrapper.framework; name = QuartzCore.framework; path = System/Library/Frameworks/QuartzCore.framework; sourceTree = SDKROOT; };
		5FF8199E16FECAFC00D69398 /* btbg.png */ = {isa = PBXFileReference; lastKnownFileType = image.png; name = btbg.png; path = ../BayBrowser/btbg.png; sourceTree = "<group>"; };
		5FF819A016FECC3D00D69398 /* tpb */ = {isa = PBXFileReference; lastKnownFileType = file; name = tpb; path = ../tpb; sourceTree = "<group>"; };
		5FF819AA16FF4E2900D69398 /* UIView+Positioning.h */ = {isa = PBXFileReference; fileEncoding = 4; lastKnownFileType = sourcecode.c.h; path = "UIView+Positioning.h"; sourceTree = "<group>"; };
		5FF819AB16FF4E2900D69398 /* UIView+Positioning.m */ = {isa = PBXFileReference; fileEncoding = 4; lastKnownFileType = sourcecode.c.objc; path = "UIView+Positioning.m"; sourceTree = "<group>"; };
		5FF819AC16FF4E2900D69398 /* UIView+Size.h */ = {isa = PBXFileReference; fileEncoding = 4; lastKnownFileType = sourcecode.c.h; path = "UIView+Size.h"; sourceTree = "<group>"; };
		5FF819AD16FF4E2900D69398 /* UIView+Size.m */ = {isa = PBXFileReference; fileEncoding = 4; lastKnownFileType = sourcecode.c.objc; path = "UIView+Size.m"; sourceTree = "<group>"; };
		5FF819AF16FF4E2900D69398 /* JMCenterView.h */ = {isa = PBXFileReference; fileEncoding = 4; lastKnownFileType = sourcecode.c.h; path = JMCenterView.h; sourceTree = "<group>"; };
		5FF819B016FF4E2900D69398 /* JMCenterView.m */ = {isa = PBXFileReference; fileEncoding = 4; lastKnownFileType = sourcecode.c.objc; path = JMCenterView.m; sourceTree = "<group>"; };
		5FF819B116FF4E2900D69398 /* JMSideView.h */ = {isa = PBXFileReference; fileEncoding = 4; lastKnownFileType = sourcecode.c.h; path = JMSideView.h; sourceTree = "<group>"; };
		5FF819B216FF4E2900D69398 /* JMSideView.m */ = {isa = PBXFileReference; fileEncoding = 4; lastKnownFileType = sourcecode.c.objc; path = JMSideView.m; sourceTree = "<group>"; };
		5FF819B316FF4E2900D69398 /* JMSliderComponent.h */ = {isa = PBXFileReference; fileEncoding = 4; lastKnownFileType = sourcecode.c.h; path = JMSliderComponent.h; sourceTree = "<group>"; };
		5FF819B416FF4E2900D69398 /* JMSliderComponent.m */ = {isa = PBXFileReference; fileEncoding = 4; lastKnownFileType = sourcecode.c.objc; path = JMSliderComponent.m; sourceTree = "<group>"; };
		5FF819B516FF4E2900D69398 /* JMSliderConstants.h */ = {isa = PBXFileReference; fileEncoding = 4; lastKnownFileType = sourcecode.c.h; path = JMSliderConstants.h; sourceTree = "<group>"; };
		5FF819B616FF4E2900D69398 /* JMSliderTrack.h */ = {isa = PBXFileReference; fileEncoding = 4; lastKnownFileType = sourcecode.c.h; path = JMSliderTrack.h; sourceTree = "<group>"; };
		5FF819B716FF4E2900D69398 /* JMSliderTrack.m */ = {isa = PBXFileReference; fileEncoding = 4; lastKnownFileType = sourcecode.c.objc; path = JMSliderTrack.m; sourceTree = "<group>"; };
		5FF819B816FF4E2900D69398 /* JMSlider.h */ = {isa = PBXFileReference; fileEncoding = 4; lastKnownFileType = sourcecode.c.h; path = JMSlider.h; sourceTree = "<group>"; };
		5FF819B916FF4E2900D69398 /* JMSlider.m */ = {isa = PBXFileReference; fileEncoding = 4; lastKnownFileType = sourcecode.c.objc; path = JMSlider.m; sourceTree = "<group>"; };
		5FFDB497173470E90040C663 /* AFHTTPClient.h */ = {isa = PBXFileReference; fileEncoding = 4; lastKnownFileType = sourcecode.c.h; path = AFHTTPClient.h; sourceTree = "<group>"; };
		5FFDB498173470E90040C663 /* AFHTTPClient.m */ = {isa = PBXFileReference; fileEncoding = 4; lastKnownFileType = sourcecode.c.objc; path = AFHTTPClient.m; sourceTree = "<group>"; };
		5FFDB499173470E90040C663 /* AFHTTPRequestOperation.h */ = {isa = PBXFileReference; fileEncoding = 4; lastKnownFileType = sourcecode.c.h; path = AFHTTPRequestOperation.h; sourceTree = "<group>"; };
		5FFDB49A173470E90040C663 /* AFHTTPRequestOperation.m */ = {isa = PBXFileReference; fileEncoding = 4; lastKnownFileType = sourcecode.c.objc; path = AFHTTPRequestOperation.m; sourceTree = "<group>"; };
		5FFDB49B173470E90040C663 /* AFImageRequestOperation.h */ = {isa = PBXFileReference; fileEncoding = 4; lastKnownFileType = sourcecode.c.h; path = AFImageRequestOperation.h; sourceTree = "<group>"; };
		5FFDB49C173470E90040C663 /* AFImageRequestOperation.m */ = {isa = PBXFileReference; fileEncoding = 4; lastKnownFileType = sourcecode.c.objc; path = AFImageRequestOperation.m; sourceTree = "<group>"; };
		5FFDB49D173470E90040C663 /* AFJSONRequestOperation.h */ = {isa = PBXFileReference; fileEncoding = 4; lastKnownFileType = sourcecode.c.h; path = AFJSONRequestOperation.h; sourceTree = "<group>"; };
		5FFDB49E173470E90040C663 /* AFJSONRequestOperation.m */ = {isa = PBXFileReference; fileEncoding = 4; lastKnownFileType = sourcecode.c.objc; path = AFJSONRequestOperation.m; sourceTree = "<group>"; };
		5FFDB49F173470E90040C663 /* AFNetworkActivityIndicatorManager.h */ = {isa = PBXFileReference; fileEncoding = 4; lastKnownFileType = sourcecode.c.h; path = AFNetworkActivityIndicatorManager.h; sourceTree = "<group>"; };
		5FFDB4A0173470E90040C663 /* AFNetworkActivityIndicatorManager.m */ = {isa = PBXFileReference; fileEncoding = 4; lastKnownFileType = sourcecode.c.objc; path = AFNetworkActivityIndicatorManager.m; sourceTree = "<group>"; };
		5FFDB4A1173470E90040C663 /* AFNetworking.h */ = {isa = PBXFileReference; fileEncoding = 4; lastKnownFileType = sourcecode.c.h; path = AFNetworking.h; sourceTree = "<group>"; };
		5FFDB4A2173470E90040C663 /* AFPropertyListRequestOperation.h */ = {isa = PBXFileReference; fileEncoding = 4; lastKnownFileType = sourcecode.c.h; path = AFPropertyListRequestOperation.h; sourceTree = "<group>"; };
		5FFDB4A3173470E90040C663 /* AFPropertyListRequestOperation.m */ = {isa = PBXFileReference; fileEncoding = 4; lastKnownFileType = sourcecode.c.objc; path = AFPropertyListRequestOperation.m; sourceTree = "<group>"; };
		5FFDB4A4173470E90040C663 /* AFURLConnectionOperation.h */ = {isa = PBXFileReference; fileEncoding = 4; lastKnownFileType = sourcecode.c.h; path = AFURLConnectionOperation.h; sourceTree = "<group>"; };
		5FFDB4A5173470E90040C663 /* AFURLConnectionOperation.m */ = {isa = PBXFileReference; fileEncoding = 4; lastKnownFileType = sourcecode.c.objc; path = AFURLConnectionOperation.m; sourceTree = "<group>"; };
		5FFDB4A6173470E90040C663 /* AFXMLRequestOperation.h */ = {isa = PBXFileReference; fileEncoding = 4; lastKnownFileType = sourcecode.c.h; path = AFXMLRequestOperation.h; sourceTree = "<group>"; };
		5FFDB4A7173470E90040C663 /* AFXMLRequestOperation.m */ = {isa = PBXFileReference; fileEncoding = 4; lastKnownFileType = sourcecode.c.objc; path = AFXMLRequestOperation.m; sourceTree = "<group>"; };
		5FFDB4A8173470E90040C663 /* UIImageView+AFNetworking.h */ = {isa = PBXFileReference; fileEncoding = 4; lastKnownFileType = sourcecode.c.h; path = "UIImageView+AFNetworking.h"; sourceTree = "<group>"; };
		5FFDB4A9173470E90040C663 /* UIImageView+AFNetworking.m */ = {isa = PBXFileReference; fileEncoding = 4; lastKnownFileType = sourcecode.c.objc; path = "UIImageView+AFNetworking.m"; sourceTree = "<group>"; };
/* End PBXFileReference section */

/* Begin PBXFrameworksBuildPhase section */
		5F7F210916FE4AD200394999 /* Frameworks */ = {
			isa = PBXFrameworksBuildPhase;
			buildActionMask = 2147483647;
			files = (
				5FC64F201731ED62002775B8 /* libxml2.dylib in Frameworks */,
				5F584E1E172F26BD00CD6F48 /* libz.dylib in Frameworks */,
				5F15BC7B1706A1BE00373A9B /* MessageUI.framework in Frameworks */,
				5FF8199D16FEC74900D69398 /* QuartzCore.framework in Frameworks */,
				5F7F211016FE4AD200394999 /* UIKit.framework in Frameworks */,
				5F7F211216FE4AD200394999 /* Foundation.framework in Frameworks */,
				5F7F211416FE4AD200394999 /* CoreGraphics.framework in Frameworks */,
				5F584E1A172F268C00CD6F48 /* libTestFlight.a in Frameworks */,
			);
			runOnlyForDeploymentPostprocessing = 0;
		};
/* End PBXFrameworksBuildPhase section */

/* Begin PBXGroup section */
		5F15BC511705078300373A9B /* Images */ = {
			isa = PBXGroup;
			children = (
				5F8498BC1716563900CD4690 /* lines@2x.png */,
				5F8498B31716285800CD4690 /* sidebarbg@2x.png */,
				5F8498B41716285800CD4690 /* sidebarshadow@2x.png */,
				5F80B4A01714E6C600FF3786 /* Default.png */,
				5F80B49E1714E6C300FF3786 /* Default-568h@2x.png */,
				5F0CB2341713B91F00DCBF86 /* Icon.png */,
				5F0CB2321713B91600DCBF86 /* Iconx2.png */,
				5F34EF081707E27C00416F7B /* pbi.jpg */,
				5F15BC7E1706AAAD00373A9B /* hide.png */,
				5F15BC781706982A00373A9B /* safari.png */,
				5FF819A016FECC3D00D69398 /* tpb */,
				5FF8199E16FECAFC00D69398 /* btbg.png */,
				5F15BC521705078300373A9B /* action.png */,
				5F15BC531705078300373A9B /* action@2x.png */,
				5F15BC541705078300373A9B /* dotted-pattern.png */,
				5F15BC551705078300373A9B /* dotted-pattern@2x.png */,
				5F15BC561705078300373A9B /* inner-shadow.png */,
				5F15BC571705078300373A9B /* paperclip.png */,
				5F15BC581705078300373A9B /* paperclip@2x.png */,
			);
			path = Images;
			sourceTree = "<group>";
		};
		5F257F951734B048006CF3D1 /* ChromeProgressBar */ = {
			isa = PBXGroup;
			children = (
				5F257F961734B048006CF3D1 /* ChromeProgressBar.h */,
				5F257F971734B048006CF3D1 /* ChromeProgressBar.m */,
			);
			path = ChromeProgressBar;
			sourceTree = "<group>";
		};
		5F46C868170291FD005C27E8 /* JMTabView */ = {
			isa = PBXGroup;
			children = (
				5F46C869170291FD005C27E8 /* Categories */,
				5F46C872170291FD005C27E8 /* Subviews */,
			);
			name = JMTabView;
			path = Classes;
			sourceTree = "<group>";
		};
		5F46C869170291FD005C27E8 /* Categories */ = {
			isa = PBXGroup;
			children = (
				5F46C86A170291FD005C27E8 /* UIColor+Hex.h */,
				5F46C86B170291FD005C27E8 /* UIColor+Hex.m */,
				5F46C86C170291FD005C27E8 /* UIView+InnerShadow.h */,
				5F46C86D170291FD005C27E8 /* UIView+InnerShadow.m */,
				5F46C86E170291FD005C27E8 /* UIView+Positioning.h */,
				5F46C86F170291FD005C27E8 /* UIView+Positioning.m */,
				5F46C870170291FD005C27E8 /* UIView+Size.h */,
				5F46C871170291FD005C27E8 /* UIView+Size.m */,
			);
			path = Categories;
			sourceTree = "<group>";
		};
		5F46C872170291FD005C27E8 /* Subviews */ = {
			isa = PBXGroup;
			children = (
				5F46C873170291FD005C27E8 /* JMSelectionView.h */,
				5F46C874170291FD005C27E8 /* JMSelectionView.m */,
				5F46C875170291FD005C27E8 /* JMTabConstants.h */,
				5F46C876170291FD005C27E8 /* JMTabContainer.h */,
				5F46C877170291FD005C27E8 /* JMTabContainer.m */,
				5F46C878170291FD005C27E8 /* JMTabItem.h */,
				5F46C879170291FD005C27E8 /* JMTabItem.m */,
				5F46C87A170291FD005C27E8 /* JMTabView.h */,
				5F46C87B170291FD005C27E8 /* JMTabView.m */,
				5F46C87C170291FD005C27E8 /* Layers */,
			);
			path = Subviews;
			sourceTree = "<group>";
		};
		5F46C87C170291FD005C27E8 /* Layers */ = {
			isa = PBXGroup;
			children = (
				5F46C87D170291FD005C27E8 /* BarBackgroundLayer.h */,
				5F46C87E170291FD005C27E8 /* BarBackgroundLayer.m */,
			);
			path = Layers;
			sourceTree = "<group>";
		};
		5F584E15172F268C00CD6F48 /* TestFlightSDK1.2.4 */ = {
			isa = PBXGroup;
			children = (
				5F584E16172F268C00CD6F48 /* libTestFlight.a */,
				5F584E17172F268C00CD6F48 /* README.md */,
				5F584E18172F268C00CD6F48 /* release_notes.md */,
				5F584E19172F268C00CD6F48 /* TestFlight.h */,
			);
			path = TestFlightSDK1.2.4;
			sourceTree = "<group>";
		};
		5F7EAA261703E06D00CA436A /* ViewDeck */ = {
			isa = PBXGroup;
			children = (
				5F7EAA271703E06D00CA436A /* IISideController.h */,
				5F7EAA281703E06D00CA436A /* IISideController.m */,
				5F7EAA291703E06D00CA436A /* IIViewDeckController.h */,
				5F7EAA2A1703E06D00CA436A /* IIViewDeckController.m */,
				5F7EAA2B1703E06D00CA436A /* IIWrapController.h */,
				5F7EAA2C1703E06D00CA436A /* IIWrapController.m */,
			);
			path = ViewDeck;
			sourceTree = "<group>";
		};
		5F7F210316FE4AD200394999 = {
			isa = PBXGroup;
			children = (
				5FB858801735D25A00CDC03A /* AFImagePager */,
				5F257F951734B048006CF3D1 /* ChromeProgressBar */,
				5FFDB496173470E90040C663 /* AFNetworking */,
				5FE761331731EC6C0020CDED /* html */,
				5F584E15172F268C00CD6F48 /* TestFlightSDK1.2.4 */,
				5F46C868170291FD005C27E8 /* JMTabView */,
				5F15BC511705078300373A9B /* Images */,
				5F7EAA261703E06D00CA436A /* ViewDeck */,
				5FF819A816FF4E2900D69398 /* JMSlider */,
				5FF8199816FEC6D500D69398 /* JMNoise */,
				5F7F215216FE4B5D00394999 /* JSON */,
				5F7F211516FE4AD200394999 /* BayBrowser */,
				5F7F210E16FE4AD200394999 /* Frameworks */,
				5F7F210D16FE4AD200394999 /* Products */,
			);
			sourceTree = "<group>";
		};
		5F7F210D16FE4AD200394999 /* Products */ = {
			isa = PBXGroup;
			children = (
				5F7F210C16FE4AD200394999 /* BayBrowser.app */,
			);
			name = Products;
			sourceTree = "<group>";
		};
		5F7F210E16FE4AD200394999 /* Frameworks */ = {
			isa = PBXGroup;
			children = (
				5FC64F1E1731ECD0002775B8 /* libxml2.dylib */,
				5F15BC7A1706A1BE00373A9B /* MessageUI.framework */,
				5FF8199C16FEC74900D69398 /* QuartzCore.framework */,
				5F7F210F16FE4AD200394999 /* UIKit.framework */,
				5F7F211116FE4AD200394999 /* Foundation.framework */,
				5F7F211316FE4AD200394999 /* CoreGraphics.framework */,
			);
			name = Frameworks;
			sourceTree = "<group>";
		};
		5F7F211516FE4AD200394999 /* BayBrowser */ = {
			isa = PBXGroup;
			children = (
				5F7C763B17231C4A00D57C8F /* side.xib */,
				5F7F211E16FE4AD300394999 /* AppDelegate.h */,
				5F7F211F16FE4AD300394999 /* AppDelegate.m */,
				5F7F216F16FE813700394999 /* CustomCell.xib */,
				5F7F217116FE825B00394999 /* CustomCell.h */,
				5F7F217216FE825B00394999 /* CustomCell.m */,
				5F7F216C16FE6EF200394999 /* PostsView.h */,
				5F7F216D16FE6EF200394999 /* PostsView.m */,
				5F34EF051707C7C800416F7B /* SideViewViewController.h */,
				5F34EF061707C7C800416F7B /* SideViewViewController.m */,
				5F7C763917231BDC00D57C8F /* Posts.xib */,
				5FF5F23117238B3A00902E19 /* Storyboard.storyboard */,
				5F84A1C917333B5B000CDA93 /* detailsView.h */,
				5F84A1CA17333B5B000CDA93 /* detailsView.m */,
				5F7F211616FE4AD200394999 /* Supporting Files */,
			);
			path = BayBrowser;
			sourceTree = "<group>";
		};
		5F7F211616FE4AD200394999 /* Supporting Files */ = {
			isa = PBXGroup;
			children = (
				5F84A1CC17333E6E000CDA93 /* MBProgressHUD.h */,
				5F84A1CD17333E6E000CDA93 /* MBProgressHUD.m */,
				5F584E1D172F26BD00CD6F48 /* libz.dylib */,
				5F8498B717162B1100CD4690 /* UIView+Origami.h */,
				5F8498B817162B1100CD4690 /* UIView+Origami.m */,
				5F7F211716FE4AD200394999 /* BayBrowser-Info.plist */,
				5F7F211816FE4AD200394999 /* InfoPlist.strings */,
				5F7F211B16FE4AD200394999 /* main.m */,
				5F7F211D16FE4AD200394999 /* BayBrowser-Prefix.pch */,
			);
			name = "Supporting Files";
			sourceTree = "<group>";
		};
		5F7F215216FE4B5D00394999 /* JSON */ = {
			isa = PBXGroup;
			children = (
				5F7F215316FE4B5D00394999 /* JSON.h */,
				5F7F215416FE4B5D00394999 /* NSObject+SBJSON.h */,
				5F7F215516FE4B5D00394999 /* NSObject+SBJSON.m */,
				5F7F215616FE4B5D00394999 /* NSString+SBJSON.h */,
				5F7F215716FE4B5D00394999 /* NSString+SBJSON.m */,
				5F7F215816FE4B5D00394999 /* SBJSON.h */,
				5F7F215916FE4B5D00394999 /* SBJSON.m */,
				5F7F215A16FE4B5D00394999 /* SBJsonBase.h */,
				5F7F215B16FE4B5D00394999 /* SBJsonBase.m */,
				5F7F215C16FE4B5D00394999 /* SBJsonParser.h */,
				5F7F215D16FE4B5D00394999 /* SBJsonParser.m */,
				5F7F215E16FE4B5D00394999 /* SBJsonWriter.h */,
				5F7F215F16FE4B5D00394999 /* SBJsonWriter.m */,
			);
			name = JSON;
			path = ../ToTheImgur/JSON;
			sourceTree = "<group>";
		};
		5FB858801735D25A00CDC03A /* AFImagePager */ = {
			isa = PBXGroup;
			children = (
				5FB858811735D25A00CDC03A /* AFImagePager.h */,
				5FB858821735D25A00CDC03A /* AFImagePager.m */,
				5FB858831735D25A00CDC03A /* KICamera.png */,
				5FB858841735D25A00CDC03A /* KICamera@2x.png */,
			);
			path = AFImagePager;
			sourceTree = "<group>";
		};
		5FE761331731EC6C0020CDED /* html */ = {
			isa = PBXGroup;
			children = (
				5FE761341731EC7A0020CDED /* TFHpple.h */,
				5FE761351731EC7A0020CDED /* TFHpple.m */,
				5FE761361731EC7A0020CDED /* TFHppleElement.h */,
				5FE761371731EC7A0020CDED /* TFHppleElement.m */,
				5FE761381731EC7A0020CDED /* XPathQuery.h */,
				5FE761391731EC7A0020CDED /* XPathQuery.m */,
			);
			name = html;
			sourceTree = "<group>";
		};
		5FF8199816FEC6D500D69398 /* JMNoise */ = {
			isa = PBXGroup;
			children = (
				5FF8199916FEC6D500D69398 /* UIView+JMNoise.h */,
				5FF8199A16FEC6D500D69398 /* UIView+JMNoise.m */,
			);
			name = JMNoise;
			path = ../ToTheImgur/JSON/JMNoise;
			sourceTree = "<group>";
		};
		5FF819A816FF4E2900D69398 /* JMSlider */ = {
			isa = PBXGroup;
			children = (
				5FF819A916FF4E2900D69398 /* Categories */,
				5FF819AE16FF4E2900D69398 /* Internal */,
				5FF819B816FF4E2900D69398 /* JMSlider.h */,
				5FF819B916FF4E2900D69398 /* JMSlider.m */,
			);
			path = JMSlider;
			sourceTree = "<group>";
		};
		5FF819A916FF4E2900D69398 /* Categories */ = {
			isa = PBXGroup;
			children = (
				5FF819AA16FF4E2900D69398 /* UIView+Positioning.h */,
				5FF819AB16FF4E2900D69398 /* UIView+Positioning.m */,
				5FF819AC16FF4E2900D69398 /* UIView+Size.h */,
				5FF819AD16FF4E2900D69398 /* UIView+Size.m */,
			);
			path = Categories;
			sourceTree = "<group>";
		};
		5FF819AE16FF4E2900D69398 /* Internal */ = {
			isa = PBXGroup;
			children = (
				5FF819AF16FF4E2900D69398 /* JMCenterView.h */,
				5FF819B016FF4E2900D69398 /* JMCenterView.m */,
				5FF819B116FF4E2900D69398 /* JMSideView.h */,
				5FF819B216FF4E2900D69398 /* JMSideView.m */,
				5FF819B316FF4E2900D69398 /* JMSliderComponent.h */,
				5FF819B416FF4E2900D69398 /* JMSliderComponent.m */,
				5FF819B516FF4E2900D69398 /* JMSliderConstants.h */,
				5FF819B616FF4E2900D69398 /* JMSliderTrack.h */,
				5FF819B716FF4E2900D69398 /* JMSliderTrack.m */,
			);
			path = Internal;
			sourceTree = "<group>";
		};
		5FFDB496173470E90040C663 /* AFNetworking */ = {
			isa = PBXGroup;
			children = (
				5FFDB497173470E90040C663 /* AFHTTPClient.h */,
				5FFDB498173470E90040C663 /* AFHTTPClient.m */,
				5FFDB499173470E90040C663 /* AFHTTPRequestOperation.h */,
				5FFDB49A173470E90040C663 /* AFHTTPRequestOperation.m */,
				5FFDB49B173470E90040C663 /* AFImageRequestOperation.h */,
				5FFDB49C173470E90040C663 /* AFImageRequestOperation.m */,
				5FFDB49D173470E90040C663 /* AFJSONRequestOperation.h */,
				5FFDB49E173470E90040C663 /* AFJSONRequestOperation.m */,
				5FFDB49F173470E90040C663 /* AFNetworkActivityIndicatorManager.h */,
				5FFDB4A0173470E90040C663 /* AFNetworkActivityIndicatorManager.m */,
				5FFDB4A1173470E90040C663 /* AFNetworking.h */,
				5FFDB4A2173470E90040C663 /* AFPropertyListRequestOperation.h */,
				5FFDB4A3173470E90040C663 /* AFPropertyListRequestOperation.m */,
				5FFDB4A4173470E90040C663 /* AFURLConnectionOperation.h */,
				5FFDB4A5173470E90040C663 /* AFURLConnectionOperation.m */,
				5FFDB4A6173470E90040C663 /* AFXMLRequestOperation.h */,
				5FFDB4A7173470E90040C663 /* AFXMLRequestOperation.m */,
				5FFDB4A8173470E90040C663 /* UIImageView+AFNetworking.h */,
				5FFDB4A9173470E90040C663 /* UIImageView+AFNetworking.m */,
			);
			path = AFNetworking;
			sourceTree = "<group>";
		};
/* End PBXGroup section */

/* Begin PBXNativeTarget section */
		5F7F210B16FE4AD200394999 /* BayBrowser */ = {
			isa = PBXNativeTarget;
			buildConfigurationList = 5F7F213216FE4AD300394999 /* Build configuration list for PBXNativeTarget "BayBrowser" */;
			buildPhases = (
				5F7F210816FE4AD200394999 /* Sources */,
				5F7F210916FE4AD200394999 /* Frameworks */,
				5F7F210A16FE4AD200394999 /* Resources */,
			);
			buildRules = (
			);
			dependencies = (
			);
			name = BayBrowser;
			productName = BayBrowser;
			productReference = 5F7F210C16FE4AD200394999 /* BayBrowser.app */;
			productType = "com.apple.product-type.application";
		};
/* End PBXNativeTarget section */

/* Begin PBXProject section */
		5F7F210416FE4AD200394999 /* Project object */ = {
			isa = PBXProject;
			attributes = {
				LastUpgradeCheck = 0460;
			};
			buildConfigurationList = 5F7F210716FE4AD200394999 /* Build configuration list for PBXProject "BayBrowser" */;
			compatibilityVersion = "Xcode 3.2";
			developmentRegion = English;
			hasScannedForEncodings = 0;
			knownRegions = (
				en,
			);
			mainGroup = 5F7F210316FE4AD200394999;
			productRefGroup = 5F7F210D16FE4AD200394999 /* Products */;
			projectDirPath = "";
			projectRoot = "";
			targets = (
				5F7F210B16FE4AD200394999 /* BayBrowser */,
			);
		};
/* End PBXProject section */

/* Begin PBXResourcesBuildPhase section */
		5F7F210A16FE4AD200394999 /* Resources */ = {
			isa = PBXResourcesBuildPhase;
			buildActionMask = 2147483647;
			files = (
				5F7F211A16FE4AD200394999 /* InfoPlist.strings in Resources */,
				5F7F217016FE813700394999 /* CustomCell.xib in Resources */,
				5FF8199F16FECAFC00D69398 /* btbg.png in Resources */,
				5FF819A116FECCC200D69398 /* tpb in Resources */,
				5F15BC611705078300373A9B /* action.png in Resources */,
				5F15BC621705078300373A9B /* action@2x.png in Resources */,
				5F15BC631705078300373A9B /* dotted-pattern.png in Resources */,
				5F15BC641705078300373A9B /* dotted-pattern@2x.png in Resources */,
				5F15BC651705078300373A9B /* inner-shadow.png in Resources */,
				5F15BC661705078300373A9B /* paperclip.png in Resources */,
				5F15BC671705078300373A9B /* paperclip@2x.png in Resources */,
				5F15BC791706982A00373A9B /* safari.png in Resources */,
				5F15BC7F1706AAAD00373A9B /* hide.png in Resources */,
				5F34EF091707E27C00416F7B /* pbi.jpg in Resources */,
				5F0CB2331713B91600DCBF86 /* Iconx2.png in Resources */,
				5F0CB2351713B91F00DCBF86 /* Icon.png in Resources */,
				5F80B49F1714E6C300FF3786 /* Default-568h@2x.png in Resources */,
				5F80B4A11714E6C600FF3786 /* Default.png in Resources */,
				5F8498B51716285800CD4690 /* sidebarbg@2x.png in Resources */,
				5F8498B61716285800CD4690 /* sidebarshadow@2x.png in Resources */,
				5F8498BD1716563900CD4690 /* lines@2x.png in Resources */,
				5F7C763A17231BDC00D57C8F /* Posts.xib in Resources */,
				5F7C763C17231C4A00D57C8F /* side.xib in Resources */,
				5FF5F23217238B3A00902E19 /* Storyboard.storyboard in Resources */,
				5F584E1B172F268C00CD6F48 /* README.md in Resources */,
				5F584E1C172F268C00CD6F48 /* release_notes.md in Resources */,
				5FB858861735D25A00CDC03A /* KICamera.png in Resources */,
				5FB858871735D25A00CDC03A /* KICamera@2x.png in Resources */,
			);
			runOnlyForDeploymentPostprocessing = 0;
		};
/* End PBXResourcesBuildPhase section */

/* Begin PBXSourcesBuildPhase section */
		5F7F210816FE4AD200394999 /* Sources */ = {
			isa = PBXSourcesBuildPhase;
			buildActionMask = 2147483647;
			files = (
				5F7F211C16FE4AD200394999 /* main.m in Sources */,
				5F7F212016FE4AD300394999 /* AppDelegate.m in Sources */,
				5F7F216016FE4B5D00394999 /* NSObject+SBJSON.m in Sources */,
				5F7F216116FE4B5D00394999 /* NSString+SBJSON.m in Sources */,
				5F7F216216FE4B5D00394999 /* SBJSON.m in Sources */,
				5F7F216316FE4B5D00394999 /* SBJsonBase.m in Sources */,
				5F7F216416FE4B5D00394999 /* SBJsonParser.m in Sources */,
				5F7F216516FE4B5D00394999 /* SBJsonWriter.m in Sources */,
				5F7F216E16FE6EF200394999 /* PostsView.m in Sources */,
				5F7F217316FE825B00394999 /* CustomCell.m in Sources */,
				5FF8199B16FEC6D500D69398 /* UIView+JMNoise.m in Sources */,
				5FF819BA16FF4E2900D69398 /* UIView+Positioning.m in Sources */,
				5FF819BB16FF4E2900D69398 /* UIView+Size.m in Sources */,
				5FF819BC16FF4E2900D69398 /* JMCenterView.m in Sources */,
				5FF819BD16FF4E2900D69398 /* JMSideView.m in Sources */,
				5FF819BE16FF4E2900D69398 /* JMSliderComponent.m in Sources */,
				5FF819BF16FF4E2900D69398 /* JMSliderTrack.m in Sources */,
				5FF819C016FF4E2900D69398 /* JMSlider.m in Sources */,
				5F46C87F170291FD005C27E8 /* UIColor+Hex.m in Sources */,
				5F46C880170291FD005C27E8 /* UIView+InnerShadow.m in Sources */,
				5F46C881170291FD005C27E8 /* UIView+Positioning.m in Sources */,
				5F46C882170291FD005C27E8 /* UIView+Size.m in Sources */,
				5F46C883170291FD005C27E8 /* JMSelectionView.m in Sources */,
				5F46C884170291FD005C27E8 /* JMTabContainer.m in Sources */,
				5F46C885170291FD005C27E8 /* JMTabItem.m in Sources */,
				5F46C886170291FD005C27E8 /* JMTabView.m in Sources */,
				5F46C887170291FD005C27E8 /* BarBackgroundLayer.m in Sources */,
				5F7EAA2D1703E06D00CA436A /* IISideController.m in Sources */,
				5F7EAA2E1703E06D00CA436A /* IIViewDeckController.m in Sources */,
				5F7EAA2F1703E06D00CA436A /* IIWrapController.m in Sources */,
				5F34EF071707C7C800416F7B /* SideViewViewController.m in Sources */,
				5FE7613A1731EC7A0020CDED /* TFHpple.m in Sources */,
				5FE7613B1731EC7A0020CDED /* TFHppleElement.m in Sources */,
				5FE7613C1731EC7A0020CDED /* XPathQuery.m in Sources */,
				5F84A1CB17333B5B000CDA93 /* detailsView.m in Sources */,
				5F84A1CE17333E6E000CDA93 /* MBProgressHUD.m in Sources */,
				5FFDB4AA173470E90040C663 /* AFHTTPClient.m in Sources */,
				5FFDB4AB173470E90040C663 /* AFHTTPRequestOperation.m in Sources */,
				5FFDB4AC173470E90040C663 /* AFImageRequestOperation.m in Sources */,
				5FFDB4AD173470E90040C663 /* AFJSONRequestOperation.m in Sources */,
				5FFDB4AE173470E90040C663 /* AFNetworkActivityIndicatorManager.m in Sources */,
				5FFDB4AF173470E90040C663 /* AFPropertyListRequestOperation.m in Sources */,
				5FFDB4B0173470E90040C663 /* AFURLConnectionOperation.m in Sources */,
				5FFDB4B1173470E90040C663 /* AFXMLRequestOperation.m in Sources */,
				5FFDB4B2173470E90040C663 /* UIImageView+AFNetworking.m in Sources */,
				5F257F981734B048006CF3D1 /* ChromeProgressBar.m in Sources */,
				5FB858851735D25A00CDC03A /* AFImagePager.m in Sources */,
			);
			runOnlyForDeploymentPostprocessing = 0;
		};
/* End PBXSourcesBuildPhase section */

/* Begin PBXVariantGroup section */
		5F7F211816FE4AD200394999 /* InfoPlist.strings */ = {
			isa = PBXVariantGroup;
			children = (
				5F7F211916FE4AD200394999 /* en */,
			);
			name = InfoPlist.strings;
			sourceTree = "<group>";
		};
/* End PBXVariantGroup section */

/* Begin XCBuildConfiguration section */
		5F7F213016FE4AD300394999 /* Debug */ = {
			isa = XCBuildConfiguration;
			buildSettings = {
				ALWAYS_SEARCH_USER_PATHS = NO;
				CLANG_CXX_LANGUAGE_STANDARD = "gnu++0x";
				CLANG_CXX_LIBRARY = "libc++";
				CLANG_ENABLE_OBJC_ARC = YES;
				CLANG_WARN_CONSTANT_CONVERSION = YES;
				CLANG_WARN_EMPTY_BODY = YES;
				CLANG_WARN_ENUM_CONVERSION = YES;
				CLANG_WARN_INT_CONVERSION = YES;
				CLANG_WARN__DUPLICATE_METHOD_MATCH = YES;
				CODE_SIGN_IDENTITY = "iPhone Developer: brian james james (ZUK74JCD8K)";
				"CODE_SIGN_IDENTITY[sdk=iphoneos*]" = "iPhone Developer: brian james james (ZUK74JCD8K)";
				COPY_PHASE_STRIP = NO;
				GCC_C_LANGUAGE_STANDARD = gnu99;
				GCC_DYNAMIC_NO_PIC = NO;
				GCC_OPTIMIZATION_LEVEL = 0;
				GCC_PREPROCESSOR_DEFINITIONS = (
					"DEBUG=1",
					"$(inherited)",
				);
				GCC_SYMBOLS_PRIVATE_EXTERN = NO;
				GCC_WARN_ABOUT_RETURN_TYPE = YES;
				GCC_WARN_UNINITIALIZED_AUTOS = YES;
				GCC_WARN_UNUSED_VARIABLE = YES;
				IPHONEOS_DEPLOYMENT_TARGET = 5.0;
				ONLY_ACTIVE_ARCH = YES;
				PROVISIONING_PROFILE = "9DAB0EE3-F804-4954-8BBA-293A592AC33F";
				"PROVISIONING_PROFILE[sdk=iphoneos*]" = "9DAB0EE3-F804-4954-8BBA-293A592AC33F";
				SDKROOT = iphoneos;
				TARGETED_DEVICE_FAMILY = "1,2";
			};
			name = Debug;
		};
		5F7F213116FE4AD300394999 /* Release */ = {
			isa = XCBuildConfiguration;
			buildSettings = {
				ALWAYS_SEARCH_USER_PATHS = NO;
				CLANG_CXX_LANGUAGE_STANDARD = "gnu++0x";
				CLANG_CXX_LIBRARY = "libc++";
				CLANG_ENABLE_OBJC_ARC = YES;
				CLANG_WARN_CONSTANT_CONVERSION = YES;
				CLANG_WARN_EMPTY_BODY = YES;
				CLANG_WARN_ENUM_CONVERSION = YES;
				CLANG_WARN_INT_CONVERSION = YES;
				CLANG_WARN__DUPLICATE_METHOD_MATCH = YES;
				CODE_SIGN_IDENTITY = "iPhone Developer: brian james james (ZUK74JCD8K)";
				"CODE_SIGN_IDENTITY[sdk=iphoneos*]" = "iPhone Developer: brian james james (ZUK74JCD8K)";
				COPY_PHASE_STRIP = YES;
				GCC_C_LANGUAGE_STANDARD = gnu99;
				GCC_WARN_ABOUT_RETURN_TYPE = YES;
				GCC_WARN_UNINITIALIZED_AUTOS = YES;
				GCC_WARN_UNUSED_VARIABLE = YES;
				IPHONEOS_DEPLOYMENT_TARGET = 5.0;
				OTHER_CFLAGS = "-DNS_BLOCK_ASSERTIONS=1";
				PROVISIONING_PROFILE = "9DAB0EE3-F804-4954-8BBA-293A592AC33F";
				"PROVISIONING_PROFILE[sdk=iphoneos*]" = "9DAB0EE3-F804-4954-8BBA-293A592AC33F";
				SDKROOT = iphoneos;
				TARGETED_DEVICE_FAMILY = "1,2";
				VALIDATE_PRODUCT = YES;
			};
			name = Release;
		};
		5F7F213316FE4AD300394999 /* Debug */ = {
			isa = XCBuildConfiguration;
			buildSettings = {
				CODE_SIGN_IDENTITY = "iPhone Developer: brian james james (ZUK74JCD8K)";
				"CODE_SIGN_IDENTITY[sdk=iphoneos*]" = "iPhone Developer: brian james james (ZUK74JCD8K)";
				GCC_PRECOMPILE_PREFIX_HEADER = YES;
				GCC_PREFIX_HEADER = "BayBrowser/BayBrowser-Prefix.pch";
				HEADER_SEARCH_PATHS = "$(SDKROOT)/usr/include/libxml2";
				INFOPLIST_FILE = "BayBrowser/BayBrowser-Info.plist";
				IPHONEOS_DEPLOYMENT_TARGET = 5.1;
				LIBRARY_SEARCH_PATHS = (
					"$(inherited)",
					"\"$(SRCROOT)/TestFlightSDK1.2.4\"",
				);
				PRODUCT_NAME = "$(TARGET_NAME)";
				PROVISIONING_PROFILE = "9DAB0EE3-F804-4954-8BBA-293A592AC33F";
				"PROVISIONING_PROFILE[sdk=iphoneos*]" = "9DAB0EE3-F804-4954-8BBA-293A592AC33F";
				TARGETED_DEVICE_FAMILY = 1;
				WRAPPER_EXTENSION = app;
			};
			name = Debug;
		};
		5F7F213416FE4AD300394999 /* Release */ = {
			isa = XCBuildConfiguration;
			buildSettings = {
				CODE_SIGN_IDENTITY = "iPhone Developer: brian james james (ZUK74JCD8K)";
				"CODE_SIGN_IDENTITY[sdk=iphoneos*]" = "iPhone Developer: brian james james (ZUK74JCD8K)";
				GCC_PRECOMPILE_PREFIX_HEADER = YES;
				GCC_PREFIX_HEADER = "BayBrowser/BayBrowser-Prefix.pch";
				HEADER_SEARCH_PATHS = "$(SDKROOT)/usr/include/libxml2";
				INFOPLIST_FILE = "BayBrowser/BayBrowser-Info.plist";
				IPHONEOS_DEPLOYMENT_TARGET = 5.1;
				LIBRARY_SEARCH_PATHS = (
					"$(inherited)",
					"\"$(SRCROOT)/TestFlightSDK1.2.4\"",
				);
				PRODUCT_NAME = "$(TARGET_NAME)";
				PROVISIONING_PROFILE = "9DAB0EE3-F804-4954-8BBA-293A592AC33F";
				"PROVISIONING_PROFILE[sdk=iphoneos*]" = "9DAB0EE3-F804-4954-8BBA-293A592AC33F";
				TARGETED_DEVICE_FAMILY = 1;
				WRAPPER_EXTENSION = app;
			};
			name = Release;
		};
/* End XCBuildConfiguration section */

/* Begin XCConfigurationList section */
		5F7F210716FE4AD200394999 /* Build configuration list for PBXProject "BayBrowser" */ = {
			isa = XCConfigurationList;
			buildConfigurations = (
				5F7F213016FE4AD300394999 /* Debug */,
				5F7F213116FE4AD300394999 /* Release */,
			);
			defaultConfigurationIsVisible = 0;
			defaultConfigurationName = Release;
		};
		5F7F213216FE4AD300394999 /* Build configuration list for PBXNativeTarget "BayBrowser" */ = {
			isa = XCConfigurationList;
			buildConfigurations = (
				5F7F213316FE4AD300394999 /* Debug */,
				5F7F213416FE4AD300394999 /* Release */,
			);
			defaultConfigurationIsVisible = 0;
			defaultConfigurationName = Release;
		};
/* End XCConfigurationList section */
	};
	rootObject = 5F7F210416FE4AD200394999 /* Project object */;
}
